github.com/go-sql-driver/mysql v1.6.0 h1:BCTh4TKNUYmOmMUcQ3IipzF5prigylS7XXjEkfCHuOE=
github.com/go-sql-driver/mysql v1.6.0/go.mod h1:DCzpHaOWr8IXmIStZouvnhqoel9Qv2LBy8hT2VhHyBg=
github.com/gorilla/mux v1.8.0 h1:i40aqfkR1h2SlN9hojwV5ZA91wcXFOvkdNIeFDP5koI=
github.com/gorilla/mux v1.8.0/go.mod h1:DVbg23sWSpFRCP0SfiEN6jmj59UnW/n46BH5rLB71So=
github.com/kacpekwasny/commontools v0.0.0-20210911100948-7a8b06627398 h1:B71es5IwQSgK08DpdQmGrxRkSakHiiad1g7HNI+ucYQ=
github.com/kacpekwasny/commontools v0.0.0-20210911100948-7a8b06627398/go.mod h1:exs3pKyEBqOsoCFeRdIp/rPPnF4ln6eN6Tw1NADvzuk=
github.com/kacpekwasny/pyfuncs v0.0.0-20200927160554-adf9251da910 h1:IU+y684dmMTKTchkceAGAQgYlduUjgJSOT9/74UiRBg=
github.com/kacpekwasny/pyfuncs v0.0.0-20200927160554-adf9251da910/go.mod h1:LbPidXdlqWvYA0c9za9m7rtkm3SYNGI8yOwDRpM7IbY=
